{
  "name": "stoetzms-work",
  "version": "0.0.3",
  "lockfileVersion": 3,
  "requires": true,
  "packages": {
    "": {
      "name": "stoetzms-work",
      "version": "0.0.3",
      "license": "Apache-2.0",
      "dependencies": {
        "commander": "^12.0.0",
        "humanize-duration": "^3.31.0",
        "js-yaml": "^4.1.0",
        "lodash": "^4.17.21",
        "moment": "^2.30.1"
      },
      "bin": {
        "work": "src/index.js"
      }
    },
    "node_modules/argparse": {
      "version": "2.0.1",
      "license": "Python-2.0"
    },
    "node_modules/commander": {
      "version": "12.0.0",
      "license": "MIT",
      "engines": {
        "node": ">=18"
      }
    },
    "node_modules/humanize-duration": {
      "version": "3.31.0",
      "license": "Unlicense"
    },
    "node_modules/js-yaml": {
      "version": "4.1.0",
      "license": "MIT",
      "dependencies": {
        "argparse": "^2.0.1"
      },
      "bin": {
        "js-yaml": "bin/js-yaml.js"
      }
    },
    "node_modules/lodash": {
      "version": "4.17.21",
      "license": "MIT"
    },
    "node_modules/moment": {
      "version": "2.30.1",
      "license": "MIT",
      "engines": {
        "node": "*"
      }
    }
  }
}
